
Microsoft Visual Studio Solution File, Format Version 12.00
Project("{FAE04EC0-301F-11D3-BF4B-00C04F79EFBC}") = "TestingDeployments", "TestingDeployments\TestingDeployments.csproj", "{04FA2E5C-EBB0-4AAB-8E07-FDC66D3B318F}"
EndProject
Global
	GlobalSection(SolutionConfigurationPlatforms) = preSolution
		Debug|Any CPU = Debug|Any CPU
		Release|Any CPU = Release|Any CPU
	EndGlobalSection
	GlobalSection(ProjectConfigurationPlatforms) = postSolution
		{04FA2E5C-EBB0-4AAB-8E07-FDC66D3B318F}.Debug|Any CPU.ActiveCfg = Debug|Any CPU
		{04FA2E5C-EBB0-4AAB-8E07-FDC66D3B318F}.Debug|Any CPU.Build.0 = Debug|Any CPU
		{04FA2E5C-EBB0-4AAB-8E07-FDC66D3B318F}.Release|Any CPU.ActiveCfg = Release|Any CPU
		{04FA2E5C-EBB0-4AAB-8E07-FDC66D3B318F}.Release|Any CPU.Build.0 = Release|Any CPU
	EndGlobalSection
EndGlobal
